dependencies:
- name: postgresql
  repository: https://charts.bitnami.com/bitnami
  version: 16.7.27
- name: redis
  repository: https://charts.bitnami.com/bitnami
  version: 19.0.0
digest: sha256:7ff4ef67a61f6108e0f639cf729ce77f6e7d752ad5a714be0be455981a5e38be
generated: "2026-03-26T12:23:10.377430341+05:00"
